
Microsoft Visual Studio Solution File, Format Version 11.00
# Visual Studio 2010
Project("{FAE04EC0-301F-11D3-BF4B-00C04F79EFBC}") = "Assembly-CSharp", "Assembly-CSharp.csproj", "{4edc0ac0-12b2-3163-b33a-ab160ba14572}"
EndProject
Project("{FAE04EC0-301F-11D3-BF4B-00C04F79EFBC}") = "Assembly-CSharp-Editor", "Assembly-CSharp-Editor.csproj", "{90facfad-5eca-d980-fe87-74d4bd6035c6}"
EndProject
Global
	GlobalSection(SolutionConfigurationPlatforms) = preSolution
		Debug|Any CPU = Debug|Any CPU
	EndGlobalSection
	GlobalSection(ProjectConfigurationPlatforms) = postSolution
		{4edc0ac0-12b2-3163-b33a-ab160ba14572}.Debug|Any CPU.ActiveCfg = Debug|Any CPU
		{4edc0ac0-12b2-3163-b33a-ab160ba14572}.Debug|Any CPU.Build.0 = Debug|Any CPU
		{90facfad-5eca-d980-fe87-74d4bd6035c6}.Debug|Any CPU.ActiveCfg = Debug|Any CPU
		{90facfad-5eca-d980-fe87-74d4bd6035c6}.Debug|Any CPU.Build.0 = Debug|Any CPU
	EndGlobalSection
	GlobalSection(SolutionProperties) = preSolution
		HideSolutionNode = FALSE
	EndGlobalSection
EndGlobal
